
Microsoft Visual Studio Solution File, Format Version 11.00
# Visual Studio 2010
Project("{FAE04EC0-301F-11D3-BF4B-00C04F79EFBC}") = "ProgrammingKata", "ProgrammingKata.csproj", "{6BE4C707-E610-4BB5-9983-9E3C3BD4D65A}"
EndProject
Global
	GlobalSection(SolutionConfigurationPlatforms) = preSolution
		Debug|Any CPU = Debug|Any CPU
		Release|Any CPU = Release|Any CPU
	EndGlobalSection
	GlobalSection(ProjectConfigurationPlatforms) = postSolution
		{6BE4C707-E610-4BB5-9983-9E3C3BD4D65A}.Debug|Any CPU.ActiveCfg = Debug|Any CPU
		{6BE4C707-E610-4BB5-9983-9E3C3BD4D65A}.Debug|Any CPU.Build.0 = Debug|Any CPU
		{6BE4C707-E610-4BB5-9983-9E3C3BD4D65A}.Release|Any CPU.ActiveCfg = Release|Any CPU
		{6BE4C707-E610-4BB5-9983-9E3C3BD4D65A}.Release|Any CPU.Build.0 = Release|Any CPU
	EndGlobalSection
	GlobalSection(MonoDevelopProperties) = preSolution
		StartupItem = ProgrammingKata.csproj
	EndGlobalSection
EndGlobal
