
Microsoft Visual Studio Solution File, Format Version 11.00
# Visual Studio 2010
Project("{4925A630-B079-445d-BCD4-3A9C94FE9307}") = "ProgrammingKata", "ProgrammingKata.fsproj", "{FAFADEDB-8A21-47F3-8745-6AD24AF0D907}"
EndProject
Global
	GlobalSection(SolutionConfigurationPlatforms) = preSolution
		Debug|Any CPU = Debug|Any CPU
		Release|Any CPU = Release|Any CPU
	EndGlobalSection
	GlobalSection(ProjectConfigurationPlatforms) = postSolution
		{FAFADEDB-8A21-47F3-8745-6AD24AF0D907}.Debug|Any CPU.ActiveCfg = Debug|Any CPU
		{FAFADEDB-8A21-47F3-8745-6AD24AF0D907}.Debug|Any CPU.Build.0 = Debug|Any CPU
		{FAFADEDB-8A21-47F3-8745-6AD24AF0D907}.Release|Any CPU.ActiveCfg = Release|Any CPU
		{FAFADEDB-8A21-47F3-8745-6AD24AF0D907}.Release|Any CPU.Build.0 = Release|Any CPU
	EndGlobalSection
	GlobalSection(MonoDevelopProperties) = preSolution
		StartupItem = ProgrammingKata.fsproj
	EndGlobalSection
EndGlobal
